
Microsoft Visual Studio Solution File, Format Version 12.00
# Visual Studio Version 17
VisualStudioVersion = 17.0.31903.59
MinimumVisualStudioVersion = 10.0.40219.1
Project("{FAE04EC0-301F-11D3-BF4B-00C04F79EFBC}") = "SmartPOS.API", "SmartPOS.API\SmartPOS.API.csproj", "{CD963044-CFAE-4332-B150-2B4C82E3E886}"
EndProject
Project("{FAE04EC0-301F-11D3-BF4B-00C04F79EFBC}") = "SmartPOS.Application", "SmartPOS.Application\SmartPOS.Application.csproj", "{122812E5-93A8-4E54-8670-BC723B3CF0C8}"
EndProject
Project("{FAE04EC0-301F-11D3-BF4B-00C04F79EFBC}") = "SmartPOS.Domain", "SmartPOS.Domain\SmartPOS.Domain.csproj", "{5862B529-FB81-4EEF-8B93-59DD40F20B96}"
EndProject
Project("{FAE04EC0-301F-11D3-BF4B-00C04F79EFBC}") = "SmartPOS.Infrastructure", "SmartPOS.Infrastructure\SmartPOS.Infrastructure.csproj", "{7EA4ECCA-5A98-4B8C-B5D6-A72D44670F70}"
EndProject
Project("{FAE04EC0-301F-11D3-BF4B-00C04F79EFBC}") = "SmartPOS.Persistence", "SmartPOS.Persistence\SmartPOS.Persistence.csproj", "{33E01D41-C5A4-4020-9E1B-3FDD41C9EF2B}"
EndProject
Project("{FAE04EC0-301F-11D3-BF4B-00C04F79EFBC}") = "SmartPOS.Tests", "SmartPOS.Tests\SmartPOS.Tests.csproj", "{2D09E664-EC11-4066-85EF-64FEE7D1040D}"
EndProject
Global
	GlobalSection(SolutionConfigurationPlatforms) = preSolution
		Debug|Any CPU = Debug|Any CPU
		Debug|x64 = Debug|x64
		Debug|x86 = Debug|x86
		Release|Any CPU = Release|Any CPU
		Release|x64 = Release|x64
		Release|x86 = Release|x86
	EndGlobalSection
	GlobalSection(ProjectConfigurationPlatforms) = postSolution
		{CD963044-CFAE-4332-B150-2B4C82E3E886}.Debug|Any CPU.ActiveCfg = Debug|Any CPU
		{CD963044-CFAE-4332-B150-2B4C82E3E886}.Debug|Any CPU.Build.0 = Debug|Any CPU
		{CD963044-CFAE-4332-B150-2B4C82E3E886}.Debug|x64.ActiveCfg = Debug|Any CPU
		{CD963044-CFAE-4332-B150-2B4C82E3E886}.Debug|x64.Build.0 = Debug|Any CPU
		{CD963044-CFAE-4332-B150-2B4C82E3E886}.Debug|x86.ActiveCfg = Debug|Any CPU
		{CD963044-CFAE-4332-B150-2B4C82E3E886}.Debug|x86.Build.0 = Debug|Any CPU
		{CD963044-CFAE-4332-B150-2B4C82E3E886}.Release|Any CPU.ActiveCfg = Release|Any CPU
		{CD963044-CFAE-4332-B150-2B4C82E3E886}.Release|Any CPU.Build.0 = Release|Any CPU
		{CD963044-CFAE-4332-B150-2B4C82E3E886}.Release|x64.ActiveCfg = Release|Any CPU
		{CD963044-CFAE-4332-B150-2B4C82E3E886}.Release|x64.Build.0 = Release|Any CPU
		{CD963044-CFAE-4332-B150-2B4C82E3E886}.Release|x86.ActiveCfg = Release|Any CPU
		{CD963044-CFAE-4332-B150-2B4C82E3E886}.Release|x86.Build.0 = Release|Any CPU
		{122812E5-93A8-4E54-8670-BC723B3CF0C8}.Debug|Any CPU.ActiveCfg = Debug|Any CPU
		{122812E5-93A8-4E54-8670-BC723B3CF0C8}.Debug|Any CPU.Build.0 = Debug|Any CPU
		{122812E5-93A8-4E54-8670-BC723B3CF0C8}.Debug|x64.ActiveCfg = Debug|Any CPU
		{122812E5-93A8-4E54-8670-BC723B3CF0C8}.Debug|x64.Build.0 = Debug|Any CPU
		{122812E5-93A8-4E54-8670-BC723B3CF0C8}.Debug|x86.ActiveCfg = Debug|Any CPU
		{122812E5-93A8-4E54-8670-BC723B3CF0C8}.Debug|x86.Build.0 = Debug|Any CPU
		{122812E5-93A8-4E54-8670-BC723B3CF0C8}.Release|Any CPU.ActiveCfg = Release|Any CPU
		{122812E5-93A8-4E54-8670-BC723B3CF0C8}.Release|Any CPU.Build.0 = Release|Any CPU
		{122812E5-93A8-4E54-8670-BC723B3CF0C8}.Release|x64.ActiveCfg = Release|Any CPU
		{122812E5-93A8-4E54-8670-BC723B3CF0C8}.Release|x64.Build.0 = Release|Any CPU
		{122812E5-93A8-4E54-8670-BC723B3CF0C8}.Release|x86.ActiveCfg = Release|Any CPU
		{122812E5-93A8-4E54-8670-BC723B3CF0C8}.Release|x86.Build.0 = Release|Any CPU
		{5862B529-FB81-4EEF-8B93-59DD40F20B96}.Debug|Any CPU.ActiveCfg = Debug|Any CPU
		{5862B529-FB81-4EEF-8B93-59DD40F20B96}.Debug|Any CPU.Build.0 = Debug|Any CPU
		{5862B529-FB81-4EEF-8B93-59DD40F20B96}.Debug|x64.ActiveCfg = Debug|Any CPU
		{5862B529-FB81-4EEF-8B93-59DD40F20B96}.Debug|x64.Build.0 = Debug|Any CPU
		{5862B529-FB81-4EEF-8B93-59DD40F20B96}.Debug|x86.ActiveCfg = Debug|Any CPU
		{5862B529-FB81-4EEF-8B93-59DD40F20B96}.Debug|x86.Build.0 = Debug|Any CPU
		{5862B529-FB81-4EEF-8B93-59DD40F20B96}.Release|Any CPU.ActiveCfg = Release|Any CPU
		{5862B529-FB81-4EEF-8B93-59DD40F20B96}.Release|Any CPU.Build.0 = Release|Any CPU
		{5862B529-FB81-4EEF-8B93-59DD40F20B96}.Release|x64.ActiveCfg = Release|Any CPU
		{5862B529-FB81-4EEF-8B93-59DD40F20B96}.Release|x64.Build.0 = Release|Any CPU
		{5862B529-FB81-4EEF-8B93-59DD40F20B96}.Release|x86.ActiveCfg = Release|Any CPU
		{5862B529-FB81-4EEF-8B93-59DD40F20B96}.Release|x86.Build.0 = Release|Any CPU
		{7EA4ECCA-5A98-4B8C-B5D6-A72D44670F70}.Debug|Any CPU.ActiveCfg = Debug|Any CPU
		{7EA4ECCA-5A98-4B8C-B5D6-A72D44670F70}.Debug|Any CPU.Build.0 = Debug|Any CPU
		{7EA4ECCA-5A98-4B8C-B5D6-A72D44670F70}.Debug|x64.ActiveCfg = Debug|Any CPU
		{7EA4ECCA-5A98-4B8C-B5D6-A72D44670F70}.Debug|x64.Build.0 = Debug|Any CPU
		{7EA4ECCA-5A98-4B8C-B5D6-A72D44670F70}.Debug|x86.ActiveCfg = Debug|Any CPU
		{7EA4ECCA-5A98-4B8C-B5D6-A72D44670F70}.Debug|x86.Build.0 = Debug|Any CPU
		{7EA4ECCA-5A98-4B8C-B5D6-A72D44670F70}.Release|Any CPU.ActiveCfg = Release|Any CPU
		{7EA4ECCA-5A98-4B8C-B5D6-A72D44670F70}.Release|Any CPU.Build.0 = Release|Any CPU
		{7EA4ECCA-5A98-4B8C-B5D6-A72D44670F70}.Release|x64.ActiveCfg = Release|Any CPU
		{7EA4ECCA-5A98-4B8C-B5D6-A72D44670F70}.Release|x64.Build.0 = Release|Any CPU
		{7EA4ECCA-5A98-4B8C-B5D6-A72D44670F70}.Release|x86.ActiveCfg = Release|Any CPU
		{7EA4ECCA-5A98-4B8C-B5D6-A72D44670F70}.Release|x86.Build.0 = Release|Any CPU
		{33E01D41-C5A4-4020-9E1B-3FDD41C9EF2B}.Debug|Any CPU.ActiveCfg = Debug|Any CPU
		{33E01D41-C5A4-4020-9E1B-3FDD41C9EF2B}.Debug|Any CPU.Build.0 = Debug|Any CPU
		{33E01D41-C5A4-4020-9E1B-3FDD41C9EF2B}.Debug|x64.ActiveCfg = Debug|Any CPU
		{33E01D41-C5A4-4020-9E1B-3FDD41C9EF2B}.Debug|x64.Build.0 = Debug|Any CPU
		{33E01D41-C5A4-4020-9E1B-3FDD41C9EF2B}.Debug|x86.ActiveCfg = Debug|Any CPU
		{33E01D41-C5A4-4020-9E1B-3FDD41C9EF2B}.Debug|x86.Build.0 = Debug|Any CPU
		{33E01D41-C5A4-4020-9E1B-3FDD41C9EF2B}.Release|Any CPU.ActiveCfg = Release|Any CPU
		{33E01D41-C5A4-4020-9E1B-3FDD41C9EF2B}.Release|Any CPU.Build.0 = Release|Any CPU
		{33E01D41-C5A4-4020-9E1B-3FDD41C9EF2B}.Release|x64.ActiveCfg = Release|Any CPU
		{33E01D41-C5A4-4020-9E1B-3FDD41C9EF2B}.Release|x64.Build.0 = Release|Any CPU
		{33E01D41-C5A4-4020-9E1B-3FDD41C9EF2B}.Release|x86.ActiveCfg = Release|Any CPU
		{33E01D41-C5A4-4020-9E1B-3FDD41C9EF2B}.Release|x86.Build.0 = Release|Any CPU
		{2D09E664-EC11-4066-85EF-64FEE7D1040D}.Debug|Any CPU.ActiveCfg = Debug|Any CPU
		{2D09E664-EC11-4066-85EF-64FEE7D1040D}.Debug|Any CPU.Build.0 = Debug|Any CPU
		{2D09E664-EC11-4066-85EF-64FEE7D1040D}.Debug|x64.ActiveCfg = Debug|Any CPU
		{2D09E664-EC11-4066-85EF-64FEE7D1040D}.Debug|x64.Build.0 = Debug|Any CPU
		{2D09E664-EC11-4066-85EF-64FEE7D1040D}.Debug|x86.ActiveCfg = Debug|Any CPU
		{2D09E664-EC11-4066-85EF-64FEE7D1040D}.Debug|x86.Build.0 = Debug|Any CPU
		{2D09E664-EC11-4066-85EF-64FEE7D1040D}.Release|Any CPU.ActiveCfg = Release|Any CPU
		{2D09E664-EC11-4066-85EF-64FEE7D1040D}.Release|Any CPU.Build.0 = Release|Any CPU
		{2D09E664-EC11-4066-85EF-64FEE7D1040D}.Release|x64.ActiveCfg = Release|Any CPU
		{2D09E664-EC11-4066-85EF-64FEE7D1040D}.Release|x64.Build.0 = Release|Any CPU
		{2D09E664-EC11-4066-85EF-64FEE7D1040D}.Release|x86.ActiveCfg = Release|Any CPU
		{2D09E664-EC11-4066-85EF-64FEE7D1040D}.Release|x86.Build.0 = Release|Any CPU
	EndGlobalSection
	GlobalSection(SolutionProperties) = preSolution
		HideSolutionNode = FALSE
	EndGlobalSection
EndGlobal
